
Microsoft Visual Studio Solution File, Format Version 12.00
# Visual Studio 15
VisualStudioVersion = 15.0.28307.1145
MinimumVisualStudioVersion = 10.0.40219.1
Project("{FAE04EC0-301F-11D3-BF4B-00C04F79EFBC}") = "LabTP4.UI", "LabTP4.UI\LabTP4.UI.csproj", "{828FA3AE-1D6C-411A-8EA0-3D6A4775BC3E}"
EndProject
Project("{FAE04EC0-301F-11D3-BF4B-00C04F79EFBC}") = "TP4.Logic", "TP4.Logic\TP4.Logic.csproj", "{5624FD24-93F4-4DE8-ADAB-CDB66EF5860E}"
EndProject
Project("{FAE04EC0-301F-11D3-BF4B-00C04F79EFBC}") = "TP4.Entities", "TP4.Entities\TP4.Entities.csproj", "{07B937D4-6C7C-4E4E-8955-004FD3959346}"
EndProject
Project("{FAE04EC0-301F-11D3-BF4B-00C04F79EFBC}") = "TP4.Data", "TP4.Data\TP4.Data.csproj", "{5FB9EA6F-796F-45E8-AD86-AED84AB2D4B6}"
EndProject
Global
	GlobalSection(SolutionConfigurationPlatforms) = preSolution
		Debug|Any CPU = Debug|Any CPU
		Release|Any CPU = Release|Any CPU
	EndGlobalSection
	GlobalSection(ProjectConfigurationPlatforms) = postSolution
		{828FA3AE-1D6C-411A-8EA0-3D6A4775BC3E}.Debug|Any CPU.ActiveCfg = Debug|Any CPU
		{828FA3AE-1D6C-411A-8EA0-3D6A4775BC3E}.Debug|Any CPU.Build.0 = Debug|Any CPU
		{828FA3AE-1D6C-411A-8EA0-3D6A4775BC3E}.Release|Any CPU.ActiveCfg = Release|Any CPU
		{828FA3AE-1D6C-411A-8EA0-3D6A4775BC3E}.Release|Any CPU.Build.0 = Release|Any CPU
		{5624FD24-93F4-4DE8-ADAB-CDB66EF5860E}.Debug|Any CPU.ActiveCfg = Debug|Any CPU
		{5624FD24-93F4-4DE8-ADAB-CDB66EF5860E}.Debug|Any CPU.Build.0 = Debug|Any CPU
		{5624FD24-93F4-4DE8-ADAB-CDB66EF5860E}.Release|Any CPU.ActiveCfg = Release|Any CPU
		{5624FD24-93F4-4DE8-ADAB-CDB66EF5860E}.Release|Any CPU.Build.0 = Release|Any CPU
		{07B937D4-6C7C-4E4E-8955-004FD3959346}.Debug|Any CPU.ActiveCfg = Debug|Any CPU
		{07B937D4-6C7C-4E4E-8955-004FD3959346}.Debug|Any CPU.Build.0 = Debug|Any CPU
		{07B937D4-6C7C-4E4E-8955-004FD3959346}.Release|Any CPU.ActiveCfg = Release|Any CPU
		{07B937D4-6C7C-4E4E-8955-004FD3959346}.Release|Any CPU.Build.0 = Release|Any CPU
		{5FB9EA6F-796F-45E8-AD86-AED84AB2D4B6}.Debug|Any CPU.ActiveCfg = Debug|Any CPU
		{5FB9EA6F-796F-45E8-AD86-AED84AB2D4B6}.Debug|Any CPU.Build.0 = Debug|Any CPU
		{5FB9EA6F-796F-45E8-AD86-AED84AB2D4B6}.Release|Any CPU.ActiveCfg = Release|Any CPU
		{5FB9EA6F-796F-45E8-AD86-AED84AB2D4B6}.Release|Any CPU.Build.0 = Release|Any CPU
	EndGlobalSection
	GlobalSection(SolutionProperties) = preSolution
		HideSolutionNode = FALSE
	EndGlobalSection
	GlobalSection(ExtensibilityGlobals) = postSolution
		SolutionGuid = {B08E6E72-A1F4-4B98-BF34-082CC3C99D88}
	EndGlobalSection
EndGlobal
