
Microsoft Visual Studio Solution File, Format Version 12.00
# Visual Studio 15
VisualStudioVersion = 15.0.28307.1145
MinimumVisualStudioVersion = 10.0.40219.1
Project("{FAE04EC0-301F-11D3-BF4B-00C04F79EFBC}") = "Tarea.UI", "TareaExtensionMethosYotros\Tarea.UI.csproj", "{9C5A6CB7-8DE3-49FB-A3B4-FB46A922161A}"
EndProject
Global
	GlobalSection(SolutionConfigurationPlatforms) = preSolution
		Debug|Any CPU = Debug|Any CPU
		Release|Any CPU = Release|Any CPU
	EndGlobalSection
	GlobalSection(ProjectConfigurationPlatforms) = postSolution
		{9C5A6CB7-8DE3-49FB-A3B4-FB46A922161A}.Debug|Any CPU.ActiveCfg = Debug|Any CPU
		{9C5A6CB7-8DE3-49FB-A3B4-FB46A922161A}.Debug|Any CPU.Build.0 = Debug|Any CPU
		{9C5A6CB7-8DE3-49FB-A3B4-FB46A922161A}.Release|Any CPU.ActiveCfg = Release|Any CPU
		{9C5A6CB7-8DE3-49FB-A3B4-FB46A922161A}.Release|Any CPU.Build.0 = Release|Any CPU
	EndGlobalSection
	GlobalSection(SolutionProperties) = preSolution
		HideSolutionNode = FALSE
	EndGlobalSection
	GlobalSection(ExtensibilityGlobals) = postSolution
		SolutionGuid = {F9AC8FED-D551-475F-B940-8E64E690411F}
	EndGlobalSection
EndGlobal
